
Microsoft Visual Studio Solution File, Format Version 12.00
# Visual Studio Version 17
VisualStudioVersion = 17.5.002.0
MinimumVisualStudioVersion = 10.0.40219.1
Project("{9A19103F-16F7-4668-BE54-9A1E7A4F7556}") = "AzureAIVisionSDKDemo", "AzureAIVisionSDKDemo.csproj", "{16B5FEA5-BBE6-44C8-A148-081DB50739EF}"
EndProject
Global
	GlobalSection(SolutionConfigurationPlatforms) = preSolution
		Debug|Any CPU = Debug|Any CPU
		Release|Any CPU = Release|Any CPU
	EndGlobalSection
	GlobalSection(ProjectConfigurationPlatforms) = postSolution
		{16B5FEA5-BBE6-44C8-A148-081DB50739EF}.Debug|Any CPU.ActiveCfg = Debug|Any CPU
		{16B5FEA5-BBE6-44C8-A148-081DB50739EF}.Debug|Any CPU.Build.0 = Debug|Any CPU
		{16B5FEA5-BBE6-44C8-A148-081DB50739EF}.Release|Any CPU.ActiveCfg = Release|Any CPU
		{16B5FEA5-BBE6-44C8-A148-081DB50739EF}.Release|Any CPU.Build.0 = Release|Any CPU
	EndGlobalSection
	GlobalSection(SolutionProperties) = preSolution
		HideSolutionNode = FALSE
	EndGlobalSection
	GlobalSection(ExtensibilityGlobals) = postSolution
		SolutionGuid = {18E5B885-D649-4B14-82DE-360E70BBFC29}
	EndGlobalSection
EndGlobal
